PODS:
  - FlutterMacOS (1.0.0)
  - plugin_test_1 (0.0.1):
    - FlutterMacOS

DEPENDENCIES:
  - FlutterMacOS (from `Flutter/ephemeral`)
  - plugin_test_1 (from `Flutter/ephemeral/.symlinks/plugins/plugin_test_1/macos`)

EXTERNAL SOURCES:
  FlutterMacOS:
    :path: Flutter/ephemeral
  plugin_test_1:
    :path: Flutter/ephemeral/.symlinks/plugins/plugin_test_1/macos

SPEC CHECKSUMS:
  FlutterMacOS: 8f6f14fa908a6fb3fba0cd85dbd81ec4b251fb24
  plugin_test_1: 321cd3605cb069babb50d36fd0d868df87faeeca

PODFILE CHECKSUM: 236401fc2c932af29a9fcf0e97baeeb2d750d367

COCOAPODS: 1.12.1
